
Microsoft Visual Studio Solution File, Format Version 12.00
# Visual Studio Version 17
VisualStudioVersion = 17.5.002.0
MinimumVisualStudioVersion = 10.0.40219.1
Project("{9A19103F-16F7-4668-BE54-9A1E7A4F7556}") = "SQLCRUDApp", "SQLCRUDApp.csproj", "{3DA2A4CD-C01D-46C2-8210-2B0DCAD26A0D}"
EndProject
Global
	GlobalSection(SolutionConfigurationPlatforms) = preSolution
		Debug|Any CPU = Debug|Any CPU
		Release|Any CPU = Release|Any CPU
	EndGlobalSection
	GlobalSection(ProjectConfigurationPlatforms) = postSolution
		{3DA2A4CD-C01D-46C2-8210-2B0DCAD26A0D}.Debug|Any CPU.ActiveCfg = Debug|Any CPU
		{3DA2A4CD-C01D-46C2-8210-2B0DCAD26A0D}.Debug|Any CPU.Build.0 = Debug|Any CPU
		{3DA2A4CD-C01D-46C2-8210-2B0DCAD26A0D}.Release|Any CPU.ActiveCfg = Release|Any CPU
		{3DA2A4CD-C01D-46C2-8210-2B0DCAD26A0D}.Release|Any CPU.Build.0 = Release|Any CPU
	EndGlobalSection
	GlobalSection(SolutionProperties) = preSolution
		HideSolutionNode = FALSE
	EndGlobalSection
	GlobalSection(ExtensibilityGlobals) = postSolution
		SolutionGuid = {A5F872DA-09C7-4878-BD25-3E81D8216D6A}
	EndGlobalSection
EndGlobal
